# Generated by buf. DO NOT EDIT.
version: v2
deps:
  - name: buf.build/googleapis/googleapis
    commit: f0e53af8f2fc4556b94f482688b57223
    digest: b5:24e758f963ee1bb3b5218eb452e0bdfb7a5449d9a77d174b8284b6368ccc1884213689381cdcd79e4231796c281c128ac1ae50825237b1774deb542bdc704b32
  - name: buf.build/viamrobotics/api
    commit: 714208da7ac5428c9fb4893e63d6ade0
    digest: b5:2be67269380ec0b3fafef9ef1b3fcc159a01853b30d89bd6703a7753ee52c0053abf6ba2d331f6da32411cd841e3b11ff2e430d604443d53d74bc8cce4cae996
  - name: buf.build/viamrobotics/goutils
    commit: 3d6f33d2994a40328ea09b75b7993425
    digest: b5:aa63dcdaaf9bccba37c5ca54a0a2401c67cd1cf97d03be2a771e13760dd6bdf78094a805d325a1c3ba4fba474ae588878661232876830c9ee9232ee7313e28c8
