# Generated by buf. DO NOT EDIT.
version: v1
deps:
  - remote: buf.build
    owner: googleapis
    repository: googleapis
    commit: 62f35d8aed1149c291d606d958a7ce32
  - remote: buf.build
    owner: viamrobotics
    repository: api
    commit: e4381b216c0d456fab4837e77b1e2f13
  - remote: buf.build
    owner: viamrobotics
    repository: goutils
    commit: 80636185eb094d4aa90205d8005f1977
