# Generated by buf. DO NOT EDIT.
version: v1
deps:
  - remote: buf.build
    owner: googleapis
    repository: googleapis
    commit: 62f35d8aed1149c291d606d958a7ce32
    digest: shake256:c5f5c2401cf70b7c9719834954f31000a978397fdfebda861419bb4ab90fa8efae92710fddab0820533908a1e25ed692a8e119432b7b260c895087a4975b32f3
  - remote: buf.build
    owner: viamrobotics
    repository: api
    commit: d7164997b0af45e1bceb246a9cd44020
    digest: shake256:ed4a0f4e3e9a4df0a8d3413ab214190f187ee25b9954aa789143c35e47d74dbce20770b0d84a6a6eda60e8985f57f6f68218cf80cfab2e1ab3244a93d0d4d2d0
  - remote: buf.build
    owner: viamrobotics
    repository: goutils
    commit: 3d6f33d2994a40328ea09b75b7993425
    digest: shake256:997d52c52be0e642f3ca1d242383900378a6271817e2540a4355943c0211cf28d7c936df64cebfc64f905cffc514882ccbdadc5a7d2618c7946b3cc5a0f60e2b
